
Microsoft Visual Studio Solution File, Format Version 12.00
# Visual Studio Version 17
VisualStudioVersion = 17.13.35931.197 d17.13
MinimumVisualStudioVersion = 10.0.40219.1
Project("{FAE04EC0-301F-11D3-BF4B-00C04F79EFBC}") = "DSCBtestProj", "DSCBtestProj\DSCBtestProj.csproj", "{11B3D59D-B84B-4898-BABE-D7A60B25C555}"
EndProject
Global
	GlobalSection(SolutionConfigurationPlatforms) = preSolution
		Debug|Any CPU = Debug|Any CPU
		Release|Any CPU = Release|Any CPU
	EndGlobalSection
	GlobalSection(ProjectConfigurationPlatforms) = postSolution
		{11B3D59D-B84B-4898-BABE-D7A60B25C555}.Debug|Any CPU.ActiveCfg = Debug|Any CPU
		{11B3D59D-B84B-4898-BABE-D7A60B25C555}.Debug|Any CPU.Build.0 = Debug|Any CPU
		{11B3D59D-B84B-4898-BABE-D7A60B25C555}.Release|Any CPU.ActiveCfg = Release|Any CPU
		{11B3D59D-B84B-4898-BABE-D7A60B25C555}.Release|Any CPU.Build.0 = Release|Any CPU
	EndGlobalSection
	GlobalSection(SolutionProperties) = preSolution
		HideSolutionNode = FALSE
	EndGlobalSection
	GlobalSection(ExtensibilityGlobals) = postSolution
		SolutionGuid = {40BF77B1-1D84-4ABF-A869-E48C3BF3398E}
	EndGlobalSection
EndGlobal
